
Microsoft Visual Studio Solution File, Format Version 12.00
# Visual Studio Version 17
VisualStudioVersion = 17.5.002.0
MinimumVisualStudioVersion = 10.0.40219.1
Project("{9A19103F-16F7-4668-BE54-9A1E7A4F7556}") = ".net29", ".net29.csproj", "{96DB2C84-69C9-4167-80CE-5DF601944837}"
EndProject
Global
	GlobalSection(SolutionConfigurationPlatforms) = preSolution
		Debug|Any CPU = Debug|Any CPU
		Release|Any CPU = Release|Any CPU
	EndGlobalSection
	GlobalSection(ProjectConfigurationPlatforms) = postSolution
		{96DB2C84-69C9-4167-80CE-5DF601944837}.Debug|Any CPU.ActiveCfg = Debug|Any CPU
		{96DB2C84-69C9-4167-80CE-5DF601944837}.Debug|Any CPU.Build.0 = Debug|Any CPU
		{96DB2C84-69C9-4167-80CE-5DF601944837}.Release|Any CPU.ActiveCfg = Release|Any CPU
		{96DB2C84-69C9-4167-80CE-5DF601944837}.Release|Any CPU.Build.0 = Release|Any CPU
	EndGlobalSection
	GlobalSection(SolutionProperties) = preSolution
		HideSolutionNode = FALSE
	EndGlobalSection
	GlobalSection(ExtensibilityGlobals) = postSolution
		SolutionGuid = {0F3C5D98-83F0-4DBD-8950-6C3A5BA6833B}
	EndGlobalSection
EndGlobal
