
Microsoft Visual Studio Solution File, Format Version 12.00
# Visual Studio Version 17
VisualStudioVersion = 17.5.002.0
MinimumVisualStudioVersion = 10.0.40219.1
Project("{9A19103F-16F7-4668-BE54-9A1E7A4F7556}") = ".net19", ".net19.csproj", "{01627911-EF30-4F2D-8F16-1F2CD20ACEF7}"
EndProject
Global
	GlobalSection(SolutionConfigurationPlatforms) = preSolution
		Debug|Any CPU = Debug|Any CPU
		Release|Any CPU = Release|Any CPU
	EndGlobalSection
	GlobalSection(ProjectConfigurationPlatforms) = postSolution
		{01627911-EF30-4F2D-8F16-1F2CD20ACEF7}.Debug|Any CPU.ActiveCfg = Debug|Any CPU
		{01627911-EF30-4F2D-8F16-1F2CD20ACEF7}.Debug|Any CPU.Build.0 = Debug|Any CPU
		{01627911-EF30-4F2D-8F16-1F2CD20ACEF7}.Release|Any CPU.ActiveCfg = Release|Any CPU
		{01627911-EF30-4F2D-8F16-1F2CD20ACEF7}.Release|Any CPU.Build.0 = Release|Any CPU
	EndGlobalSection
	GlobalSection(SolutionProperties) = preSolution
		HideSolutionNode = FALSE
	EndGlobalSection
	GlobalSection(ExtensibilityGlobals) = postSolution
		SolutionGuid = {0E999BBC-1B46-47A6-9298-3E6ED355E9E9}
	EndGlobalSection
EndGlobal
