
Microsoft Visual Studio Solution File, Format Version 12.00
# Visual Studio Version 17
VisualStudioVersion = 17.5.002.0
MinimumVisualStudioVersion = 10.0.40219.1
Project("{9A19103F-16F7-4668-BE54-9A1E7A4F7556}") = ".net3", ".net3.csproj", "{26BBDAF4-85D8-4AC3-A9CA-E336ECF7E729}"
EndProject
Global
	GlobalSection(SolutionConfigurationPlatforms) = preSolution
		Debug|Any CPU = Debug|Any CPU
		Release|Any CPU = Release|Any CPU
	EndGlobalSection
	GlobalSection(ProjectConfigurationPlatforms) = postSolution
		{26BBDAF4-85D8-4AC3-A9CA-E336ECF7E729}.Debug|Any CPU.ActiveCfg = Debug|Any CPU
		{26BBDAF4-85D8-4AC3-A9CA-E336ECF7E729}.Debug|Any CPU.Build.0 = Debug|Any CPU
		{26BBDAF4-85D8-4AC3-A9CA-E336ECF7E729}.Release|Any CPU.ActiveCfg = Release|Any CPU
		{26BBDAF4-85D8-4AC3-A9CA-E336ECF7E729}.Release|Any CPU.Build.0 = Release|Any CPU
	EndGlobalSection
	GlobalSection(SolutionProperties) = preSolution
		HideSolutionNode = FALSE
	EndGlobalSection
	GlobalSection(ExtensibilityGlobals) = postSolution
		SolutionGuid = {5A9A13A8-3D36-4C95-A976-67D4CD957F72}
	EndGlobalSection
EndGlobal
